
Microsoft Visual Studio Solution File, Format Version 12.00
# Visual Studio 15
VisualStudioVersion = 15.0.26730.3
MinimumVisualStudioVersion = 10.0.40219.1
Project("{9A19103F-16F7-4668-BE54-9A1E7A4F7556}") = "DotNet.Web", "DotNet.Web\DotNet.Web.csproj", "{F0945ADF-9488-4F60-AE89-8FB9E92AEA9E}"
EndProject
Project("{9A19103F-16F7-4668-BE54-9A1E7A4F7556}") = "DotNet.Web.Api", "DotNet.Web.Api\DotNet.Web.Api.csproj", "{D298994D-D92F-4581-A23D-0498593279B8}"
EndProject
Project("{2150E333-8FDC-42A3-9474-1A3956D46DE8}") = "01_Web", "01_Web", "{7C1A3AC2-C535-4B6D-BDB9-EACE3EE8FACC}"
EndProject
Project("{2150E333-8FDC-42A3-9474-1A3956D46DE8}") = "02_Service", "02_Service", "{2A9DEC79-6B0B-43A1-861D-FEF8FB26CA5A}"
EndProject
Project("{2150E333-8FDC-42A3-9474-1A3956D46DE8}") = "04_infrastructure", "04_infrastructure", "{5C0BD383-A493-4D8B-BC76-DB7EFE25371A}"
EndProject
Project("{9A19103F-16F7-4668-BE54-9A1E7A4F7556}") = "DotNet.Model", "DotNet.Model\DotNet.Model.csproj", "{EC312B80-93C5-4C91-9466-CCB3DF01BA03}"
EndProject
Project("{9A19103F-16F7-4668-BE54-9A1E7A4F7556}") = "DotNet.EF", "DotNet.EF\DotNet.EF.csproj", "{653DE0E3-E6A8-4210-9F6D-C7A9E7760760}"
EndProject
Project("{2150E333-8FDC-42A3-9474-1A3956D46DE8}") = "03_Domain", "03_Domain", "{AB3AC7A5-F942-408E-ACEB-42F75404A3C8}"
EndProject
Project("{9A19103F-16F7-4668-BE54-9A1E7A4F7556}") = "DotNet.Repository", "DotNet.Repository\DotNet.Repository.csproj", "{64834F77-0F12-4D9D-9801-D4CB9AD57941}"
EndProject
Project("{9A19103F-16F7-4668-BE54-9A1E7A4F7556}") = "DotNet.Infrastructure", "DotNet.Infrastructure\DotNet.Infrastructure.csproj", "{7D2FD2E3-77D6-48B3-A333-4F6E871275C3}"
EndProject
Project("{9A19103F-16F7-4668-BE54-9A1E7A4F7556}") = "DotNet.Service", "DotNet.Service\DotNet.Service.csproj", "{2B22B835-5CBF-4E59-A4D1-6433791E2B39}"
EndProject
Project("{9A19103F-16F7-4668-BE54-9A1E7A4F7556}") = "DotNet.IService", "DotNet.IService\DotNet.IService.csproj", "{A90E9FF8-85F1-46D1-A1DC-5E340B0D60CA}"
EndProject
Project("{FAE04EC0-301F-11D3-BF4B-00C04F79EFBC}") = "DotNet.Dto", "DotNet.Dto\DotNet.Dto.csproj", "{7DD7F436-89BE-44B6-BC0E-50812B5DF08C}"
EndProject
Global
	GlobalSection(SolutionConfigurationPlatforms) = preSolution
		Debug|Any CPU = Debug|Any CPU
		Release|Any CPU = Release|Any CPU
	EndGlobalSection
	GlobalSection(ProjectConfigurationPlatforms) = postSolution
		{F0945ADF-9488-4F60-AE89-8FB9E92AEA9E}.Debug|Any CPU.ActiveCfg = Debug|Any CPU
		{F0945ADF-9488-4F60-AE89-8FB9E92AEA9E}.Debug|Any CPU.Build.0 = Debug|Any CPU
		{F0945ADF-9488-4F60-AE89-8FB9E92AEA9E}.Release|Any CPU.ActiveCfg = Release|Any CPU
		{F0945ADF-9488-4F60-AE89-8FB9E92AEA9E}.Release|Any CPU.Build.0 = Release|Any CPU
		{D298994D-D92F-4581-A23D-0498593279B8}.Debug|Any CPU.ActiveCfg = Debug|Any CPU
		{D298994D-D92F-4581-A23D-0498593279B8}.Debug|Any CPU.Build.0 = Debug|Any CPU
		{D298994D-D92F-4581-A23D-0498593279B8}.Release|Any CPU.ActiveCfg = Release|Any CPU
		{D298994D-D92F-4581-A23D-0498593279B8}.Release|Any CPU.Build.0 = Release|Any CPU
		{EC312B80-93C5-4C91-9466-CCB3DF01BA03}.Debug|Any CPU.ActiveCfg = Debug|Any CPU
		{EC312B80-93C5-4C91-9466-CCB3DF01BA03}.Debug|Any CPU.Build.0 = Debug|Any CPU
		{EC312B80-93C5-4C91-9466-CCB3DF01BA03}.Release|Any CPU.ActiveCfg = Release|Any CPU
		{EC312B80-93C5-4C91-9466-CCB3DF01BA03}.Release|Any CPU.Build.0 = Release|Any CPU
		{653DE0E3-E6A8-4210-9F6D-C7A9E7760760}.Debug|Any CPU.ActiveCfg = Debug|Any CPU
		{653DE0E3-E6A8-4210-9F6D-C7A9E7760760}.Debug|Any CPU.Build.0 = Debug|Any CPU
		{653DE0E3-E6A8-4210-9F6D-C7A9E7760760}.Release|Any CPU.ActiveCfg = Release|Any CPU
		{653DE0E3-E6A8-4210-9F6D-C7A9E7760760}.Release|Any CPU.Build.0 = Release|Any CPU
		{64834F77-0F12-4D9D-9801-D4CB9AD57941}.Debug|Any CPU.ActiveCfg = Debug|Any CPU
		{64834F77-0F12-4D9D-9801-D4CB9AD57941}.Debug|Any CPU.Build.0 = Debug|Any CPU
		{64834F77-0F12-4D9D-9801-D4CB9AD57941}.Release|Any CPU.ActiveCfg = Release|Any CPU
		{64834F77-0F12-4D9D-9801-D4CB9AD57941}.Release|Any CPU.Build.0 = Release|Any CPU
		{7D2FD2E3-77D6-48B3-A333-4F6E871275C3}.Debug|Any CPU.ActiveCfg = Debug|Any CPU
		{7D2FD2E3-77D6-48B3-A333-4F6E871275C3}.Debug|Any CPU.Build.0 = Debug|Any CPU
		{7D2FD2E3-77D6-48B3-A333-4F6E871275C3}.Release|Any CPU.ActiveCfg = Release|Any CPU
		{7D2FD2E3-77D6-48B3-A333-4F6E871275C3}.Release|Any CPU.Build.0 = Release|Any CPU
		{2B22B835-5CBF-4E59-A4D1-6433791E2B39}.Debug|Any CPU.ActiveCfg = Debug|Any CPU
		{2B22B835-5CBF-4E59-A4D1-6433791E2B39}.Debug|Any CPU.Build.0 = Debug|Any CPU
		{2B22B835-5CBF-4E59-A4D1-6433791E2B39}.Release|Any CPU.ActiveCfg = Release|Any CPU
		{2B22B835-5CBF-4E59-A4D1-6433791E2B39}.Release|Any CPU.Build.0 = Release|Any CPU
		{A90E9FF8-85F1-46D1-A1DC-5E340B0D60CA}.Debug|Any CPU.ActiveCfg = Debug|Any CPU
		{A90E9FF8-85F1-46D1-A1DC-5E340B0D60CA}.Debug|Any CPU.Build.0 = Debug|Any CPU
		{A90E9FF8-85F1-46D1-A1DC-5E340B0D60CA}.Release|Any CPU.ActiveCfg = Release|Any CPU
		{A90E9FF8-85F1-46D1-A1DC-5E340B0D60CA}.Release|Any CPU.Build.0 = Release|Any CPU
		{7DD7F436-89BE-44B6-BC0E-50812B5DF08C}.Debug|Any CPU.ActiveCfg = Debug|Any CPU
		{7DD7F436-89BE-44B6-BC0E-50812B5DF08C}.Debug|Any CPU.Build.0 = Debug|Any CPU
		{7DD7F436-89BE-44B6-BC0E-50812B5DF08C}.Release|Any CPU.ActiveCfg = Release|Any CPU
		{7DD7F436-89BE-44B6-BC0E-50812B5DF08C}.Release|Any CPU.Build.0 = Release|Any CPU
	EndGlobalSection
	GlobalSection(SolutionProperties) = preSolution
		HideSolutionNode = FALSE
	EndGlobalSection
	GlobalSection(NestedProjects) = preSolution
		{F0945ADF-9488-4F60-AE89-8FB9E92AEA9E} = {7C1A3AC2-C535-4B6D-BDB9-EACE3EE8FACC}
		{D298994D-D92F-4581-A23D-0498593279B8} = {7C1A3AC2-C535-4B6D-BDB9-EACE3EE8FACC}
		{EC312B80-93C5-4C91-9466-CCB3DF01BA03} = {AB3AC7A5-F942-408E-ACEB-42F75404A3C8}
		{653DE0E3-E6A8-4210-9F6D-C7A9E7760760} = {5C0BD383-A493-4D8B-BC76-DB7EFE25371A}
		{64834F77-0F12-4D9D-9801-D4CB9AD57941} = {5C0BD383-A493-4D8B-BC76-DB7EFE25371A}
		{7D2FD2E3-77D6-48B3-A333-4F6E871275C3} = {5C0BD383-A493-4D8B-BC76-DB7EFE25371A}
		{2B22B835-5CBF-4E59-A4D1-6433791E2B39} = {2A9DEC79-6B0B-43A1-861D-FEF8FB26CA5A}
		{A90E9FF8-85F1-46D1-A1DC-5E340B0D60CA} = {2A9DEC79-6B0B-43A1-861D-FEF8FB26CA5A}
		{7DD7F436-89BE-44B6-BC0E-50812B5DF08C} = {2A9DEC79-6B0B-43A1-861D-FEF8FB26CA5A}
	EndGlobalSection
	GlobalSection(ExtensibilityGlobals) = postSolution
		SolutionGuid = {38A326B4-D41E-4153-AF93-70F946FFC1D4}
	EndGlobalSection
EndGlobal
